{
  "name": "vueDKT",
  "lockfileVersion": 2,
  "requires": true,
  "packages": {
    "node_modules/axios": {
      "version": "0.21.1",
      "resolved": "https://registry.npm.taobao.org/axios/download/axios-0.21.1.tgz?cache=0&sync_timestamp=1608609324963&other_urls=https%3A%2F%2Fregistry.npm.taobao.org%2Faxios%2Fdownload%2Faxios-0.21.1.tgz",
      "integrity": "sha1-IlY0gZYvTWvemnbVFu8OXTwJsrg=",
      "extraneous": true,
      "license": "MIT",
      "dependencies": {
        "follow-redirects": "^1.10.0"
      }
    },
    "node_modules/bootstrap": {
      "version": "4.5.3",
      "resolved": "https://registry.npm.taobao.org/bootstrap/download/bootstrap-4.5.3.tgz",
      "integrity": "sha1-xqcrNVqvMjkgvoACRqbk7zCZf+Y=",
      "extraneous": true,
      "license": "MIT",
      "funding": {
        "type": "opencollective",
        "url": "https://opencollective.com/bootstrap"
      },
      "peerDependencies": {
        "jquery": "1.9.1 - 3",
        "popper.js": "^1.16.1"
      }
    },
    "node_modules/follow-redirects": {
      "version": "1.13.1",
      "resolved": "https://registry.npm.taobao.org/follow-redirects/download/follow-redirects-1.13.1.tgz",
      "integrity": "sha1-X2m4Ezds7k/QR0o6uoNd8Eq3Y7c=",
      "extraneous": true,
      "funding": [
        {
          "type": "individual",
          "url": "https://github.com/sponsors/RubenVerborgh"
        }
      ],
      "license": "MIT",
      "engines": {
        "node": ">=4.0"
      },
      "peerDependenciesMeta": {
        "debug": {
          "optional": true
        }
      }
    },
    "node_modules/vue-cli-plugin-element": {
      "version": "1.0.1",
      "resolved": "https://registry.npm.taobao.org/vue-cli-plugin-element/download/vue-cli-plugin-element-1.0.1.tgz",
      "integrity": "sha1-NOWPtls2z1mvrxT1AyiOXleLFVQ=",
      "extraneous": true,
      "license": "MIT"
    },
    "node_modules/vue-router": {
      "version": "3.4.9",
      "resolved": "https://registry.npm.taobao.org/vue-router/download/vue-router-3.4.9.tgz?cache=0&sync_timestamp=1610356181553&other_urls=https%3A%2F%2Fregistry.npm.taobao.org%2Fvue-router%2Fdownload%2Fvue-router-3.4.9.tgz",
      "integrity": "sha1-wBb0IDCuKTLxTkdIs5odmg4lDmY=",
      "extraneous": true,
      "license": "MIT"
    }
  },
  "dependencies": {
    "axios": {
      "version": "https://registry.npm.taobao.org/axios/download/axios-0.21.1.tgz?cache=0&sync_timestamp=1608609324963&other_urls=https%3A%2F%2Fregistry.npm.taobao.org%2Faxios%2Fdownload%2Faxios-0.21.1.tgz",
      "integrity": "sha1-IlY0gZYvTWvemnbVFu8OXTwJsrg=",
      "extraneous": true,
      "requires": {
        "follow-redirects": "^1.10.0"
      }
    },
    "bootstrap": {
      "version": "https://registry.npm.taobao.org/bootstrap/download/bootstrap-4.5.3.tgz",
      "integrity": "sha1-xqcrNVqvMjkgvoACRqbk7zCZf+Y=",
      "extraneous": true,
      "requires": {}
    },
    "follow-redirects": {
      "version": "1.13.1",
      "resolved": "https://registry.npm.taobao.org/follow-redirects/download/follow-redirects-1.13.1.tgz",
      "integrity": "sha1-X2m4Ezds7k/QR0o6uoNd8Eq3Y7c=",
      "extraneous": true
    },
    "vue-cli-plugin-element": {
      "version": "https://registry.npm.taobao.org/vue-cli-plugin-element/download/vue-cli-plugin-element-1.0.1.tgz",
      "integrity": "sha1-NOWPtls2z1mvrxT1AyiOXleLFVQ=",
      "extraneous": true
    },
    "vue-router": {
      "version": "https://registry.npm.taobao.org/vue-router/download/vue-router-3.4.9.tgz?cache=0&sync_timestamp=1610356181553&other_urls=https%3A%2F%2Fregistry.npm.taobao.org%2Fvue-router%2Fdownload%2Fvue-router-3.4.9.tgz",
      "integrity": "sha1-wBb0IDCuKTLxTkdIs5odmg4lDmY=",
      "extraneous": true
    }
  }
}
